// !$*UTF8*$!
{
	archiveVersion = 1;
	classes = {
	};
	objectVersion = 46;
	objects = {

/* Begin PBXBuildFile section */
		040A33F51BABB46B00466FB9 /* AppDelegate.swift in Sources */ = {isa = PBXBuildFile; fileRef = 040A33F41BABB46B00466FB9 /* AppDelegate.swift */; };
		040A33FA1BABB46B00466FB9 /* Main.storyboard in Resources */ = {isa = PBXBuildFile; fileRef = 040A33F81BABB46B00466FB9 /* Main.storyboard */; };
		040A33FC1BABB46B00466FB9 /* Assets.xcassets in Resources */ = {isa = PBXBuildFile; fileRef = 040A33FB1BABB46B00466FB9 /* Assets.xcassets */; };
		040A33FF1BABB46B00466FB9 /* LaunchScreen.storyboard in Resources */ = {isa = PBXBuildFile; fileRef = 040A33FD1BABB46B00466FB9 /* LaunchScreen.storyboard */; };
		04A0DC1D1BABB90600C39E29 /* MoviesViewController.swift in Sources */ = {isa = PBXBuildFile; fileRef = 04A0DC1C1BABB90600C39E29 /* MoviesViewController.swift */; settings = {ASSET_TAGS = (); }; };
		04A0DC1F1BABBC2000C39E29 /* MoviesTableViewCell.swift in Sources */ = {isa = PBXBuildFile; fileRef = 04A0DC1E1BABBC2000C39E29 /* MoviesTableViewCell.swift */; settings = {ASSET_TAGS = (); }; };
		04A0DC211BABD3BF00C39E29 /* MovieDetaiViewController.swift in Sources */ = {isa = PBXBuildFile; fileRef = 04A0DC201BABD3BF00C39E29 /* MovieDetaiViewController.swift */; settings = {ASSET_TAGS = (); }; };
		04A0DC291BAE856500C39E29 /* MovieHelper.swift in Sources */ = {isa = PBXBuildFile; fileRef = 04A0DC281BAE856500C39E29 /* MovieHelper.swift */; settings = {ASSET_TAGS = (); }; };
		BB2E7525F6D116F8C3E1D4F4 /* Pods_RottenTomatoes.framework in Frameworks */ = {isa = PBXBuildFile; fileRef = 28CA2E8F48DC3C4208F745B3 /* Pods_RottenTomatoes.framework */; settings = {ATTRIBUTES = (Weak, ); }; };
/* End PBXBuildFile section */

/* Begin PBXFileReference section */
		040A33F11BABB46B00466FB9 /* RottenTomatoes.app */ = {isa = PBXFileReference; explicitFileType = wrapper.application; includeInIndex = 0; path = RottenTomatoes.app; sourceTree = BUILT_PRODUCTS_DIR; };
		040A33F41BABB46B00466FB9 /* AppDelegate.swift */ = {isa = PBXFileReference; lastKnownFileType = sourcecode.swift; path = AppDelegate.swift; sourceTree = "<group>"; };
		040A33F91BABB46B00466FB9 /* Base */ = {isa = PBXFileReference; lastKnownFileType = file.storyboard; name = Base; path = Base.lproj/Main.storyboard; sourceTree = "<group>"; };
		040A33FB1BABB46B00466FB9 /* Assets.xcassets */ = {isa = PBXFileReference; lastKnownFileType = folder.assetcatalog; path = Assets.xcassets; sourceTree = "<group>"; };
		040A33FE1BABB46B00466FB9 /* Base */ = {isa = PBXFileReference; lastKnownFileType = file.storyboard; name = Base; path = Base.lproj/LaunchScreen.storyboard; sourceTree = "<group>"; };
		040A34001BABB46B00466FB9 /* Info.plist */ = {isa = PBXFileReference; lastKnownFileType = text.plist.xml; path = Info.plist; sourceTree = "<group>"; };
		04A0DC1C1BABB90600C39E29 /* MoviesViewController.swift */ = {isa = PBXFileReference; fileEncoding = 4; lastKnownFileType = sourcecode.swift; path = MoviesViewController.swift; sourceTree = "<group>"; };
		04A0DC1E1BABBC2000C39E29 /* MoviesTableViewCell.swift */ = {isa = PBXFileReference; fileEncoding = 4; lastKnownFileType = sourcecode.swift; path = MoviesTableViewCell.swift; sourceTree = "<group>"; };
		04A0DC201BABD3BF00C39E29 /* MovieDetaiViewController.swift */ = {isa = PBXFileReference; fileEncoding = 4; lastKnownFileType = sourcecode.swift; path = MovieDetaiViewController.swift; sourceTree = "<group>"; };
		04A0DC281BAE856500C39E29 /* MovieHelper.swift */ = {isa = PBXFileReference; fileEncoding = 4; lastKnownFileType = sourcecode.swift; path = MovieHelper.swift; sourceTree = "<group>"; };
		1F4F3EC59D7D39949EAA4058 /* Pods-RottenTomatoes.debug.xcconfig */ = {isa = PBXFileReference; includeInIndex = 1; lastKnownFileType = text.xcconfig; name = "Pods-RottenTomatoes.debug.xcconfig"; path = "Pods/Target Support Files/Pods-RottenTomatoes/Pods-RottenTomatoes.debug.xcconfig"; sourceTree = "<group>"; };
		28CA2E8F48DC3C4208F745B3 /* Pods_RottenTomatoes.framework */ = {isa = PBXFileReference; explicitFileType = wrapper.framework; includeInIndex = 0; path = Pods_RottenTomatoes.framework; sourceTree = BUILT_PRODUCTS_DIR; };
		3D8676469178191270BAEB4C /* Pods-RottenTomatoes.release.xcconfig */ = {isa = PBXFileReference; includeInIndex = 1; lastKnownFileType = text.xcconfig; name = "Pods-RottenTomatoes.release.xcconfig"; path = "Pods/Target Support Files/Pods-RottenTomatoes/Pods-RottenTomatoes.release.xcconfig"; sourceTree = "<group>"; };
/* End PBXFileReference section */

/* Begin PBXFrameworksBuildPhase section */
		040A33EE1BABB46B00466FB9 /* Frameworks */ = {
			isa = PBXFrameworksBuildPhase;
			buildActionMask = 2147483647;
			files = (
				BB2E7525F6D116F8C3E1D4F4 /* Pods_RottenTomatoes.framework in Frameworks */,
			);
			runOnlyForDeploymentPostprocessing = 0;
		};
/* End PBXFrameworksBuildPhase section */

/* Begin PBXGroup section */
		040A33E81BABB46B00466FB9 = {
			isa = PBXGroup;
			children = (
				040A33F31BABB46B00466FB9 /* RottenTomatoes */,
				040A33F21BABB46B00466FB9 /* Products */,
				9D0EAD3D0B9779F5485EDE33 /* Pods */,
				DC115CCCA45E36282EB6751E /* Frameworks */,
			);
			sourceTree = "<group>";
		};
		040A33F21BABB46B00466FB9 /* Products */ = {
			isa = PBXGroup;
			children = (
				040A33F11BABB46B00466FB9 /* RottenTomatoes.app */,
			);
			name = Products;
			sourceTree = "<group>";
		};
		040A33F31BABB46B00466FB9 /* RottenTomatoes */ = {
			isa = PBXGroup;
			children = (
				040A33F41BABB46B00466FB9 /* AppDelegate.swift */,
				040A33F81BABB46B00466FB9 /* Main.storyboard */,
				040A33FB1BABB46B00466FB9 /* Assets.xcassets */,
				040A33FD1BABB46B00466FB9 /* LaunchScreen.storyboard */,
				040A34001BABB46B00466FB9 /* Info.plist */,
				04A0DC1C1BABB90600C39E29 /* MoviesViewController.swift */,
				04A0DC1E1BABBC2000C39E29 /* MoviesTableViewCell.swift */,
				04A0DC201BABD3BF00C39E29 /* MovieDetaiViewController.swift */,
				04A0DC281BAE856500C39E29 /* MovieHelper.swift */,
			);
			path = RottenTomatoes;
			sourceTree = "<group>";
		};
		9D0EAD3D0B9779F5485EDE33 /* Pods */ = {
			isa = PBXGroup;
			children = (
				1F4F3EC59D7D39949EAA4058 /* Pods-RottenTomatoes.debug.xcconfig */,
				3D8676469178191270BAEB4C /* Pods-RottenTomatoes.release.xcconfig */,
			);
			name = Pods;
			sourceTree = "<group>";
		};
		DC115CCCA45E36282EB6751E /* Frameworks */ = {
			isa = PBXGroup;
			children = (
				28CA2E8F48DC3C4208F745B3 /* Pods_RottenTomatoes.framework */,
			);
			name = Frameworks;
			sourceTree = "<group>";
		};
/* End PBXGroup section */

/* Begin PBXNativeTarget section */
		040A33F01BABB46B00466FB9 /* RottenTomatoes */ = {
			isa = PBXNativeTarget;
			buildConfigurationList = 040A34031BABB46B00466FB9 /* Build configuration list for PBXNativeTarget "RottenTomatoes" */;
			buildPhases = (
				530C61504DD67EA13E6BE2BE /* Check Pods Manifest.lock */,
				040A33ED1BABB46B00466FB9 /* Sources */,
				040A33EE1BABB46B00466FB9 /* Frameworks */,
				040A33EF1BABB46B00466FB9 /* Resources */,
				CDFDCE4B7410967867616632 /* Embed Pods Frameworks */,
				8279B19A951E585017F762CA /* Copy Pods Resources */,
			);
			buildRules = (
			);
			dependencies = (
			);
			name = RottenTomatoes;
			productName = RottenTomatoes;
			productReference = 040A33F11BABB46B00466FB9 /* RottenTomatoes.app */;
			productType = "com.apple.product-type.application";
		};
/* End PBXNativeTarget section */

/* Begin PBXProject section */
		040A33E91BABB46B00466FB9 /* Project object */ = {
			isa = PBXProject;
			attributes = {
				LastUpgradeCheck = 0700;
				ORGANIZATIONNAME = udaymitra;
				TargetAttributes = {
					040A33F01BABB46B00466FB9 = {
						CreatedOnToolsVersion = 7.0;
					};
				};
			};
			buildConfigurationList = 040A33EC1BABB46B00466FB9 /* Build configuration list for PBXProject "RottenTomatoes" */;
			compatibilityVersion = "Xcode 3.2";
			developmentRegion = English;
			hasScannedForEncodings = 0;
			knownRegions = (
				en,
				Base,
			);
			mainGroup = 040A33E81BABB46B00466FB9;
			productRefGroup = 040A33F21BABB46B00466FB9 /* Products */;
			projectDirPath = "";
			projectRoot = "";
			targets = (
				040A33F01BABB46B00466FB9 /* RottenTomatoes */,
			);
		};
/* End PBXProject section */

/* Begin PBXResourcesBuildPhase section */
		040A33EF1BABB46B00466FB9 /* Resources */ = {
			isa = PBXResourcesBuildPhase;
			buildActionMask = 2147483647;
			files = (
				040A33FF1BABB46B00466FB9 /* LaunchScreen.storyboard in Resources */,
				040A33FC1BABB46B00466FB9 /* Assets.xcassets in Resources */,
				040A33FA1BABB46B00466FB9 /* Main.storyboard in Resources */,
			);
			runOnlyForDeploymentPostprocessing = 0;
		};
/* End PBXResourcesBuildPhase section */

/* Begin PBXShellScriptBuildPhase section */
		530C61504DD67EA13E6BE2BE /* Check Pods Manifest.lock */ = {
			isa = PBXShellScriptBuildPhase;
			buildActionMask = 2147483647;
			files = (
			);
			inputPaths = (
			);
			name = "Check Pods Manifest.lock";
			outputPaths = (
			);
			runOnlyForDeploymentPostprocessing = 0;
			shellPath = /bin/sh;
			shellScript = "diff \"${PODS_ROOT}/../Podfile.lock\" \"${PODS_ROOT}/Manifest.lock\" > /dev/null\nif [[ $? != 0 ]] ; then\n    cat << EOM\nerror: The sandbox is not in sync with the Podfile.lock. Run 'pod install' or update your CocoaPods installation.\nEOM\n    exit 1\nfi\n";
			showEnvVarsInLog = 0;
		};
		8279B19A951E585017F762CA /* Copy Pods Resources */ = {
			isa = PBXShellScriptBuildPhase;
			buildActionMask = 2147483647;
			files = (
			);
			inputPaths = (
			);
			name = "Copy Pods Resources";
			outputPaths = (
			);
			runOnlyForDeploymentPostprocessing = 0;
			shellPath = /bin/sh;
			shellScript = "\"${SRCROOT}/Pods/Target Support Files/Pods-RottenTomatoes/Pods-RottenTomatoes-resources.sh\"\n";
			showEnvVarsInLog = 0;
		};
		CDFDCE4B7410967867616632 /* Embed Pods Frameworks */ = {
			isa = PBXShellScriptBuildPhase;
			buildActionMask = 2147483647;
			files = (
			);
			inputPaths = (
			);
			name = "Embed Pods Frameworks";
			outputPaths = (
			);
			runOnlyForDeploymentPostprocessing = 0;
			shellPath = /bin/sh;
			shellScript = "\"${SRCROOT}/Pods/Target Support Files/Pods-RottenTomatoes/Pods-RottenTomatoes-frameworks.sh\"\n";
			showEnvVarsInLog = 0;
		};
/* End PBXShellScriptBuildPhase section */

/* Begin PBXSourcesBuildPhase section */
		040A33ED1BABB46B00466FB9 /* Sources */ = {
			isa = PBXSourcesBuildPhase;
			buildActionMask = 2147483647;
			files = (
				04A0DC1F1BABBC2000C39E29 /* MoviesTableViewCell.swift in Sources */,
				040A33F51BABB46B00466FB9 /* AppDelegate.swift in Sources */,
				04A0DC1D1BABB90600C39E29 /* MoviesViewController.swift in Sources */,
				04A0DC211BABD3BF00C39E29 /* MovieDetaiViewController.swift in Sources */,
				04A0DC291BAE856500C39E29 /* MovieHelper.swift in Sources */,
			);
			runOnlyForDeploymentPostprocessing = 0;
		};
/* End PBXSourcesBuildPhase section */

/* Begin PBXVariantGroup section */
		040A33F81BABB46B00466FB9 /* Main.storyboard */ = {
			isa = PBXVariantGroup;
			children = (
				040A33F91BABB46B00466FB9 /* Base */,
			);
			name = Main.storyboard;
			sourceTree = "<group>";
		};
		040A33FD1BABB46B00466FB9 /* LaunchScreen.storyboard */ = {
			isa = PBXVariantGroup;
			children = (
				040A33FE1BABB46B00466FB9 /* Base */,
			);
			name = LaunchScreen.storyboard;
			sourceTree = "<group>";
		};
/* End PBXVariantGroup section */

/* Begin XCBuildConfiguration section */
		040A34011BABB46B00466FB9 /* Debug */ = {
			isa = XCBuildConfiguration;
			buildSettings = {
				ALWAYS_SEARCH_USER_PATHS = NO;
				CLANG_CXX_LANGUAGE_STANDARD = "gnu++0x";
				CLANG_CXX_LIBRARY = "libc++";
				CLANG_ENABLE_MODULES = YES;
				CLANG_ENABLE_OBJC_ARC = YES;
				CLANG_WARN_BOOL_CONVERSION = YES;
				CLANG_WARN_CONSTANT_CONVERSION = YES;
				CLANG_WARN_DIRECT_OBJC_ISA_USAGE = YES_ERROR;
				CLANG_WARN_EMPTY_BODY = YES;
				CLANG_WARN_ENUM_CONVERSION = YES;
				CLANG_WARN_INT_CONVERSION = YES;
				CLANG_WARN_OBJC_ROOT_CLASS = YES_ERROR;
				CLANG_WARN_UNREACHABLE_CODE = YES;
				CLANG_WARN__DUPLICATE_METHOD_MATCH = YES;
				"CODE_SIGN_IDENTITY[sdk=iphoneos*]" = "iPhone Developer";
				COPY_PHASE_STRIP = NO;
				DEBUG_INFORMATION_FORMAT = dwarf;
				ENABLE_STRICT_OBJC_MSGSEND = YES;
				ENABLE_TESTABILITY = YES;
				GCC_C_LANGUAGE_STANDARD = gnu99;
				GCC_DYNAMIC_NO_PIC = NO;
				GCC_NO_COMMON_BLOCKS = YES;
				GCC_OPTIMIZATION_LEVEL = 0;
				GCC_PREPROCESSOR_DEFINITIONS = (
					"DEBUG=1",
					"$(inherited)",
				);
				GCC_WARN_64_TO_32_BIT_CONVERSION = YES;
				GCC_WARN_ABOUT_RETURN_TYPE = YES_ERROR;
				GCC_WARN_UNDECLARED_SELECTOR = YES;
				GCC_WARN_UNINITIALIZED_AUTOS = YES_AGGRESSIVE;
				GCC_WARN_UNUSED_FUNCTION = YES;
				GCC_WARN_UNUSED_VARIABLE = YES;
				IPHONEOS_DEPLOYMENT_TARGET = 9.0;
				MTL_ENABLE_DEBUG_INFO = YES;
				ONLY_ACTIVE_ARCH = YES;
				SDKROOT = iphoneos;
				SWIFT_OPTIMIZATION_LEVEL = "-Onone";
			};
			name = Debug;
		};
		040A34021BABB46B00466FB9 /* Release */ = {
			isa = XCBuildConfiguration;
			buildSettings = {
				ALWAYS_SEARCH_USER_PATHS = NO;
				CLANG_CXX_LANGUAGE_STANDARD = "gnu++0x";
				CLANG_CXX_LIBRARY = "libc++";
				CLANG_ENABLE_MODULES = YES;
				CLANG_ENABLE_OBJC_ARC = YES;
				CLANG_WARN_BOOL_CONVERSION = YES;
				CLANG_WARN_CONSTANT_CONVERSION = YES;
				CLANG_WARN_DIRECT_OBJC_ISA_USAGE = YES_ERROR;
				CLANG_WARN_EMPTY_BODY = YES;
				CLANG_WARN_ENUM_CONVERSION = YES;
				CLANG_WARN_INT_CONVERSION = YES;
				CLANG_WARN_OBJC_ROOT_CLASS = YES_ERROR;
				CLANG_WARN_UNREACHABLE_CODE = YES;
				CLANG_WARN__DUPLICATE_METHOD_MATCH = YES;
				"CODE_SIGN_IDENTITY[sdk=iphoneos*]" = "iPhone Developer";
				COPY_PHASE_STRIP = NO;
				DEBUG_INFORMATION_FORMAT = "dwarf-with-dsym";
				ENABLE_NS_ASSERTIONS = NO;
				ENABLE_STRICT_OBJC_MSGSEND = YES;
				GCC_C_LANGUAGE_STANDARD = gnu99;
				GCC_NO_COMMON_BLOCKS = YES;
				GCC_WARN_64_TO_32_BIT_CONVERSION = YES;
				GCC_WARN_ABOUT_RETURN_TYPE = YES_ERROR;
				GCC_WARN_UNDECLARED_SELECTOR = YES;
				GCC_WARN_UNINITIALIZED_AUTOS = YES_AGGRESSIVE;
				GCC_WARN_UNUSED_FUNCTION = YES;
				GCC_WARN_UNUSED_VARIABLE = YES;
				IPHONEOS_DEPLOYMENT_TARGET = 9.0;
				MTL_ENABLE_DEBUG_INFO = NO;
				SDKROOT = iphoneos;
				VALIDATE_PRODUCT = YES;
			};
			name = Release;
		};
		040A34041BABB46B00466FB9 /* Debug */ = {
			isa = XCBuildConfiguration;
			baseConfigurationReference = 1F4F3EC59D7D39949EAA4058 /* Pods-RottenTomatoes.debug.xcconfig */;
			buildSettings = {
				ASSETCATALOG_COMPILER_APPICON_NAME = AppIcon;
				INFOPLIST_FILE = RottenTomatoes/Info.plist;
				LD_RUNPATH_SEARCH_PATHS = "$(inherited) @executable_path/Frameworks";
				PRODUCT_BUNDLE_IDENTIFIER = udaymitra.RottenTomatoes;
				PRODUCT_NAME = "$(TARGET_NAME)";
			};
			name = Debug;
		};
		040A34051BABB46B00466FB9 /* Release */ = {
			isa = XCBuildConfiguration;
			baseConfigurationReference = 3D8676469178191270BAEB4C /* Pods-RottenTomatoes.release.xcconfig */;
			buildSettings = {
				ASSETCATALOG_COMPILER_APPICON_NAME = AppIcon;
				INFOPLIST_FILE = RottenTomatoes/Info.plist;
				LD_RUNPATH_SEARCH_PATHS = "$(inherited) @executable_path/Frameworks";
				PRODUCT_BUNDLE_IDENTIFIER = udaymitra.RottenTomatoes;
				PRODUCT_NAME = "$(TARGET_NAME)";
			};
			name = Release;
		};
/* End XCBuildConfiguration section */

/* Begin XCConfigurationList section */
		040A33EC1BABB46B00466FB9 /* Build configuration list for PBXProject "RottenTomatoes" */ = {
			isa = XCConfigurationList;
			buildConfigurations = (
				040A34011BABB46B00466FB9 /* Debug */,
				040A34021BABB46B00466FB9 /* Release */,
			);
			defaultConfigurationIsVisible = 0;
			defaultConfigurationName = Release;
		};
		040A34031BABB46B00466FB9 /* Build configuration list for PBXNativeTarget "RottenTomatoes" */ = {
			isa = XCConfigurationList;
			buildConfigurations = (
				040A34041BABB46B00466FB9 /* Debug */,
				040A34051BABB46B00466FB9 /* Release */,
			);
			defaultConfigurationIsVisible = 0;
			defaultConfigurationName = Release;
		};
/* End XCConfigurationList section */
	};
	rootObject = 040A33E91BABB46B00466FB9 /* Project object */;
}
